{
  "name": "mario-speedrun-optimizer",
  "lockfileVersion": 3,
  "requires": true,
  "packages": {
    "": {
      "name": "mario-speedrun-optimizer",
      "dependencies": {
        "jsnes": "^1.2.1"
      }
    },
    "node_modules/jsnes": {
      "version": "1.2.1",
      "resolved": "https://registry.npmjs.org/jsnes/-/jsnes-1.2.1.tgz",
      "integrity": "sha512-Gn+lnv5B5c/TVwFSc8vzo7amiSogRyfMI9UL7VjYgKDrlTLf7GKuK2WD+t0gEcLbzh/NfMpkIlopzN/3cq760A==",
      "license": "Apache-2.0"
    }
  }
}
